
Microsoft Visual Studio Solution File, Format Version 12.00
# Visual Studio 15
VisualStudioVersion = 15.0.28307.136
MinimumVisualStudioVersion = 10.0.40219.1
Project("{FAE04EC0-301F-11D3-BF4B-00C04F79EFBC}") = "DXApplication1", "DXApplication1\DXApplication1.csproj", "{2FD49697-5241-4DC9-A8FB-34BDD5EB8109}"
EndProject
Project("{FAE04EC0-301F-11D3-BF4B-00C04F79EFBC}") = "UnitTestProject1", "UnitTestProject1\UnitTestProject1.csproj", "{70C7C435-B8D4-4E8A-93B3-C6C5F7D4B472}"
EndProject
Global
	GlobalSection(SolutionConfigurationPlatforms) = preSolution
		Debug|Any CPU = Debug|Any CPU
		Release|Any CPU = Release|Any CPU
	EndGlobalSection
	GlobalSection(ProjectConfigurationPlatforms) = postSolution
		{2FD49697-5241-4DC9-A8FB-34BDD5EB8109}.Debug|Any CPU.ActiveCfg = Debug|Any CPU
		{2FD49697-5241-4DC9-A8FB-34BDD5EB8109}.Debug|Any CPU.Build.0 = Debug|Any CPU
		{2FD49697-5241-4DC9-A8FB-34BDD5EB8109}.Release|Any CPU.ActiveCfg = Release|Any CPU
		{2FD49697-5241-4DC9-A8FB-34BDD5EB8109}.Release|Any CPU.Build.0 = Release|Any CPU
		{70C7C435-B8D4-4E8A-93B3-C6C5F7D4B472}.Debug|Any CPU.ActiveCfg = Debug|Any CPU
		{70C7C435-B8D4-4E8A-93B3-C6C5F7D4B472}.Debug|Any CPU.Build.0 = Debug|Any CPU
		{70C7C435-B8D4-4E8A-93B3-C6C5F7D4B472}.Release|Any CPU.ActiveCfg = Release|Any CPU
		{70C7C435-B8D4-4E8A-93B3-C6C5F7D4B472}.Release|Any CPU.Build.0 = Release|Any CPU
	EndGlobalSection
	GlobalSection(SolutionProperties) = preSolution
		HideSolutionNode = FALSE
	EndGlobalSection
	GlobalSection(ExtensibilityGlobals) = postSolution
		SolutionGuid = {969F2881-8AB6-400F-A609-5F6830BD624A}
	EndGlobalSection
EndGlobal
